
Microsoft Visual Studio Solution File, Format Version 12.00
# Visual Studio Version 17
VisualStudioVersion = 17.8.34330.188
MinimumVisualStudioVersion = 10.0.40219.1
Project("{FAE04EC0-301F-11D3-BF4B-00C04F79EFBC}") = "Project", "Project\Project.csproj", "{3A797A01-087E-44E3-A567-3A1C4A99E648}"
EndProject
Global
	GlobalSection(SolutionConfigurationPlatforms) = preSolution
		Debug|Any CPU = Debug|Any CPU
		Release|Any CPU = Release|Any CPU
	EndGlobalSection
	GlobalSection(ProjectConfigurationPlatforms) = postSolution
		{3A797A01-087E-44E3-A567-3A1C4A99E648}.Debug|Any CPU.ActiveCfg = Debug|Any CPU
		{3A797A01-087E-44E3-A567-3A1C4A99E648}.Debug|Any CPU.Build.0 = Debug|Any CPU
		{3A797A01-087E-44E3-A567-3A1C4A99E648}.Release|Any CPU.ActiveCfg = Release|Any CPU
		{3A797A01-087E-44E3-A567-3A1C4A99E648}.Release|Any CPU.Build.0 = Release|Any CPU
	EndGlobalSection
	GlobalSection(SolutionProperties) = preSolution
		HideSolutionNode = FALSE
	EndGlobalSection
	GlobalSection(ExtensibilityGlobals) = postSolution
		SolutionGuid = {806D2FBE-5C6C-4310-9559-92130EB3CA3E}
	EndGlobalSection
EndGlobal
